
Microsoft Visual Studio Solution File, Format Version 12.00
# Visual Studio 15
Project("{FAE04EC0-301F-11D3-BF4B-00C04F79EFBC}") = "SpreadsheetView", "SpreadsheetView\SpreadsheetView.csproj", "{12F65E3D-572F-4F8D-BC14-DB89ED986B55}"
EndProject
Global
	GlobalSection(SolutionConfigurationPlatforms) = preSolution
		Debug|Any CPU = Debug|Any CPU
		Release|Any CPU = Release|Any CPU
	EndGlobalSection
	GlobalSection(ProjectConfigurationPlatforms) = postSolution
		{12F65E3D-572F-4F8D-BC14-DB89ED986B55}.Debug|Any CPU.ActiveCfg = Debug|Any CPU
		{12F65E3D-572F-4F8D-BC14-DB89ED986B55}.Debug|Any CPU.Build.0 = Debug|Any CPU
		{12F65E3D-572F-4F8D-BC14-DB89ED986B55}.Release|Any CPU.ActiveCfg = Release|Any CPU
		{12F65E3D-572F-4F8D-BC14-DB89ED986B55}.Release|Any CPU.Build.0 = Release|Any CPU
	EndGlobalSection
EndGlobal
