
Microsoft Visual Studio Solution File, Format Version 12.00
# Visual Studio 15
Project("{FAE04EC0-301F-11D3-BF4B-00C04F79EFBC}") = "SpreadsheetView", "..\src\SpreadsheetView\SpreadsheetView\SpreadsheetView.csproj", "{12F65E3D-572F-4F8D-BC14-DB89ED986B55}"
EndProject
Project("{FAE04EC0-301F-11D3-BF4B-00C04F79EFBC}") = "ZMJTimeable", "ZMJTimeable\ZMJTimeable.csproj", "{384B2D9D-873F-4ADA-BA4F-8FC188B8BC47}"
EndProject
Project("{FAE04EC0-301F-11D3-BF4B-00C04F79EFBC}") = "ZMJSchedule", "ZMJSchedule\ZMJSchedule.csproj", "{BD566F4B-8FF0-4D7C-AD74-F7E5759E6D28}"
EndProject
Global
	GlobalSection(SolutionConfigurationPlatforms) = preSolution
		Debug|iPhoneSimulator = Debug|iPhoneSimulator
		Release|iPhone = Release|iPhone
		Release|iPhoneSimulator = Release|iPhoneSimulator
		Debug|iPhone = Debug|iPhone
	EndGlobalSection
	GlobalSection(ProjectConfigurationPlatforms) = postSolution
		{12F65E3D-572F-4F8D-BC14-DB89ED986B55}.Debug|iPhoneSimulator.ActiveCfg = Debug|Any CPU
		{12F65E3D-572F-4F8D-BC14-DB89ED986B55}.Debug|iPhoneSimulator.Build.0 = Debug|Any CPU
		{12F65E3D-572F-4F8D-BC14-DB89ED986B55}.Release|iPhone.ActiveCfg = Release|Any CPU
		{12F65E3D-572F-4F8D-BC14-DB89ED986B55}.Release|iPhone.Build.0 = Release|Any CPU
		{12F65E3D-572F-4F8D-BC14-DB89ED986B55}.Release|iPhoneSimulator.ActiveCfg = Release|Any CPU
		{12F65E3D-572F-4F8D-BC14-DB89ED986B55}.Release|iPhoneSimulator.Build.0 = Release|Any CPU
		{12F65E3D-572F-4F8D-BC14-DB89ED986B55}.Debug|iPhone.ActiveCfg = Debug|Any CPU
		{12F65E3D-572F-4F8D-BC14-DB89ED986B55}.Debug|iPhone.Build.0 = Debug|Any CPU
		{384B2D9D-873F-4ADA-BA4F-8FC188B8BC47}.Debug|iPhoneSimulator.ActiveCfg = Debug|iPhoneSimulator
		{384B2D9D-873F-4ADA-BA4F-8FC188B8BC47}.Debug|iPhoneSimulator.Build.0 = Debug|iPhoneSimulator
		{384B2D9D-873F-4ADA-BA4F-8FC188B8BC47}.Release|iPhone.ActiveCfg = Release|iPhone
		{384B2D9D-873F-4ADA-BA4F-8FC188B8BC47}.Release|iPhone.Build.0 = Release|iPhone
		{384B2D9D-873F-4ADA-BA4F-8FC188B8BC47}.Release|iPhoneSimulator.ActiveCfg = Release|iPhoneSimulator
		{384B2D9D-873F-4ADA-BA4F-8FC188B8BC47}.Release|iPhoneSimulator.Build.0 = Release|iPhoneSimulator
		{384B2D9D-873F-4ADA-BA4F-8FC188B8BC47}.Debug|iPhone.ActiveCfg = Debug|iPhone
		{384B2D9D-873F-4ADA-BA4F-8FC188B8BC47}.Debug|iPhone.Build.0 = Debug|iPhone
		{BD566F4B-8FF0-4D7C-AD74-F7E5759E6D28}.Debug|iPhoneSimulator.ActiveCfg = Debug|iPhoneSimulator
		{BD566F4B-8FF0-4D7C-AD74-F7E5759E6D28}.Debug|iPhoneSimulator.Build.0 = Debug|iPhoneSimulator
		{BD566F4B-8FF0-4D7C-AD74-F7E5759E6D28}.Release|iPhone.ActiveCfg = Release|iPhone
		{BD566F4B-8FF0-4D7C-AD74-F7E5759E6D28}.Release|iPhone.Build.0 = Release|iPhone
		{BD566F4B-8FF0-4D7C-AD74-F7E5759E6D28}.Release|iPhoneSimulator.ActiveCfg = Release|iPhoneSimulator
		{BD566F4B-8FF0-4D7C-AD74-F7E5759E6D28}.Release|iPhoneSimulator.Build.0 = Release|iPhoneSimulator
		{BD566F4B-8FF0-4D7C-AD74-F7E5759E6D28}.Debug|iPhone.ActiveCfg = Debug|iPhone
		{BD566F4B-8FF0-4D7C-AD74-F7E5759E6D28}.Debug|iPhone.Build.0 = Debug|iPhone
	EndGlobalSection
EndGlobal
